
Microsoft Visual Studio Solution File, Format Version 12.00
# Visual Studio Version 17
VisualStudioVersion = 17.0.31903.59
MinimumVisualStudioVersion = 10.0.40219.1
Project("{2150E333-8FDC-42A3-9474-1A3956D46DE8}") = "src", "src", "{489FA851-BB22-414E-9273-70038427629D}"
EndProject
Project("{FAE04EC0-301F-11D3-BF4B-00C04F79EFBC}") = "AuctionService", "src\AuctionService\AuctionService.csproj", "{9ABC44EF-6FE2-450F-B09C-A1ADBAFD3180}"
EndProject
Project("{FAE04EC0-301F-11D3-BF4B-00C04F79EFBC}") = "SearchService", "src\SearchService\SearchService.csproj", "{3997BFE5-498B-4DCF-B3CC-7833B12AE41D}"
EndProject
Project("{FAE04EC0-301F-11D3-BF4B-00C04F79EFBC}") = "Contracts", "src\Contracts\Contracts.csproj", "{C0645474-E6A7-4252-9D30-9DD80BB53E52}"
EndProject
Global
	GlobalSection(SolutionConfigurationPlatforms) = preSolution
		Debug|Any CPU = Debug|Any CPU
		Release|Any CPU = Release|Any CPU
	EndGlobalSection
	GlobalSection(SolutionProperties) = preSolution
		HideSolutionNode = FALSE
	EndGlobalSection
	GlobalSection(ProjectConfigurationPlatforms) = postSolution
		{9ABC44EF-6FE2-450F-B09C-A1ADBAFD3180}.Debug|Any CPU.ActiveCfg = Debug|Any CPU
		{9ABC44EF-6FE2-450F-B09C-A1ADBAFD3180}.Debug|Any CPU.Build.0 = Debug|Any CPU
		{9ABC44EF-6FE2-450F-B09C-A1ADBAFD3180}.Release|Any CPU.ActiveCfg = Release|Any CPU
		{9ABC44EF-6FE2-450F-B09C-A1ADBAFD3180}.Release|Any CPU.Build.0 = Release|Any CPU
		{3997BFE5-498B-4DCF-B3CC-7833B12AE41D}.Debug|Any CPU.ActiveCfg = Debug|Any CPU
		{3997BFE5-498B-4DCF-B3CC-7833B12AE41D}.Debug|Any CPU.Build.0 = Debug|Any CPU
		{3997BFE5-498B-4DCF-B3CC-7833B12AE41D}.Release|Any CPU.ActiveCfg = Release|Any CPU
		{3997BFE5-498B-4DCF-B3CC-7833B12AE41D}.Release|Any CPU.Build.0 = Release|Any CPU
		{C0645474-E6A7-4252-9D30-9DD80BB53E52}.Debug|Any CPU.ActiveCfg = Debug|Any CPU
		{C0645474-E6A7-4252-9D30-9DD80BB53E52}.Debug|Any CPU.Build.0 = Debug|Any CPU
		{C0645474-E6A7-4252-9D30-9DD80BB53E52}.Release|Any CPU.ActiveCfg = Release|Any CPU
		{C0645474-E6A7-4252-9D30-9DD80BB53E52}.Release|Any CPU.Build.0 = Release|Any CPU
	EndGlobalSection
	GlobalSection(NestedProjects) = preSolution
		{9ABC44EF-6FE2-450F-B09C-A1ADBAFD3180} = {489FA851-BB22-414E-9273-70038427629D}
		{3997BFE5-498B-4DCF-B3CC-7833B12AE41D} = {489FA851-BB22-414E-9273-70038427629D}
		{C0645474-E6A7-4252-9D30-9DD80BB53E52} = {489FA851-BB22-414E-9273-70038427629D}
	EndGlobalSection
EndGlobal
